
Microsoft Visual Studio Solution File, Format Version 12.00
# Visual Studio Version 16
VisualStudioVersion = 16.0.31112.23
MinimumVisualStudioVersion = 10.0.40219.1
Project("{8BC9CEB8-8B4A-11D0-8D11-00A0C91BC942}") = "Sayı_Tahmin", "Sayı_Tahmin.vcxproj", "{976AB12F-797F-4896-85EC-4A7E48557528}"
EndProject
Global
	GlobalSection(SolutionConfigurationPlatforms) = preSolution
		Debug|x64 = Debug|x64
		Debug|x86 = Debug|x86
		Release|x64 = Release|x64
		Release|x86 = Release|x86
	EndGlobalSection
	GlobalSection(ProjectConfigurationPlatforms) = postSolution
		{976AB12F-797F-4896-85EC-4A7E48557528}.Debug|x64.ActiveCfg = Debug|x64
		{976AB12F-797F-4896-85EC-4A7E48557528}.Debug|x64.Build.0 = Debug|x64
		{976AB12F-797F-4896-85EC-4A7E48557528}.Debug|x86.ActiveCfg = Debug|Win32
		{976AB12F-797F-4896-85EC-4A7E48557528}.Debug|x86.Build.0 = Debug|Win32
		{976AB12F-797F-4896-85EC-4A7E48557528}.Release|x64.ActiveCfg = Release|x64
		{976AB12F-797F-4896-85EC-4A7E48557528}.Release|x64.Build.0 = Release|x64
		{976AB12F-797F-4896-85EC-4A7E48557528}.Release|x86.ActiveCfg = Release|Win32
		{976AB12F-797F-4896-85EC-4A7E48557528}.Release|x86.Build.0 = Release|Win32
	EndGlobalSection
	GlobalSection(SolutionProperties) = preSolution
		HideSolutionNode = FALSE
	EndGlobalSection
	GlobalSection(ExtensibilityGlobals) = postSolution
		SolutionGuid = {FD583D79-DB1B-4AD9-A770-9E1827246508}
	EndGlobalSection
EndGlobal
